
Microsoft Visual Studio Solution File, Format Version 12.00
# Visual Studio Version 17
VisualStudioVersion = 17.5.002.0
MinimumVisualStudioVersion = 10.0.40219.1
Project("{9A19103F-16F7-4668-BE54-9A1E7A4F7556}") = "EFGetStarted", "EFGetStarted\EFGetStarted.csproj", "{DE430125-6EA3-4487-A3F6-A504FC7479DC}"
EndProject
Global
	GlobalSection(SolutionConfigurationPlatforms) = preSolution
		Debug|Any CPU = Debug|Any CPU
		Release|Any CPU = Release|Any CPU
	EndGlobalSection
	GlobalSection(ProjectConfigurationPlatforms) = postSolution
		{DE430125-6EA3-4487-A3F6-A504FC7479DC}.Debug|Any CPU.ActiveCfg = Debug|Any CPU
		{DE430125-6EA3-4487-A3F6-A504FC7479DC}.Debug|Any CPU.Build.0 = Debug|Any CPU
		{DE430125-6EA3-4487-A3F6-A504FC7479DC}.Release|Any CPU.ActiveCfg = Release|Any CPU
		{DE430125-6EA3-4487-A3F6-A504FC7479DC}.Release|Any CPU.Build.0 = Release|Any CPU
	EndGlobalSection
	GlobalSection(SolutionProperties) = preSolution
		HideSolutionNode = FALSE
	EndGlobalSection
	GlobalSection(ExtensibilityGlobals) = postSolution
		SolutionGuid = {79B7ED78-7B61-4D47-9311-E6648D0EB7D5}
	EndGlobalSection
EndGlobal
